// !$*UTF8*$!
{
	archiveVersion = 1;
	classes = {
	};
	objectVersion = 55;
	objects = {

/* Begin PBXBuildFile section */
		15844F8627EB2C2200D9FA08 /* AppDelegate.swift in Sources */ = {isa = PBXBuildFile; fileRef = 15844F8527EB2C2200D9FA08 /* AppDelegate.swift */; };
		15844F8827EB2C2200D9FA08 /* SceneDelegate.swift in Sources */ = {isa = PBXBuildFile; fileRef = 15844F8727EB2C2200D9FA08 /* SceneDelegate.swift */; };
		15844F8A27EB2C2200D9FA08 /* ViewController.swift in Sources */ = {isa = PBXBuildFile; fileRef = 15844F8927EB2C2200D9FA08 /* ViewController.swift */; };
		15844F8D27EB2C2200D9FA08 /* Main.storyboard in Resources */ = {isa = PBXBuildFile; fileRef = 15844F8B27EB2C2200D9FA08 /* Main.storyboard */; };
		15844F8F27EB2C2400D9FA08 /* Assets.xcassets in Resources */ = {isa = PBXBuildFile; fileRef = 15844F8E27EB2C2400D9FA08 /* Assets.xcassets */; };
		15844F9227EB2C2400D9FA08 /* LaunchScreen.storyboard in Resources */ = {isa = PBXBuildFile; fileRef = 15844F9027EB2C2400D9FA08 /* LaunchScreen.storyboard */; };
		1592B83427EC8691003A5EC8 /* AlbumsResponse.swift in Sources */ = {isa = PBXBuildFile; fileRef = 1592B83327EC8691003A5EC8 /* AlbumsResponse.swift */; };
		1592B83627EC86AB003A5EC8 /* Image.swift in Sources */ = {isa = PBXBuildFile; fileRef = 1592B83527EC86AB003A5EC8 /* Image.swift */; };
		1592B83827EC86DB003A5EC8 /* Artist.swift in Sources */ = {isa = PBXBuildFile; fileRef = 1592B83727EC86DB003A5EC8 /* Artist.swift */; };
		1592B83A27EC87A7003A5EC8 /* Item.swift in Sources */ = {isa = PBXBuildFile; fileRef = 1592B83927EC87A7003A5EC8 /* Item.swift */; };
		1592B83D27EC8942003A5EC8 /* Resource.swift in Sources */ = {isa = PBXBuildFile; fileRef = 1592B83C27EC8942003A5EC8 /* Resource.swift */; };
		1592B83F27EC9E85003A5EC8 /* Token.swift in Sources */ = {isa = PBXBuildFile; fileRef = 1592B83E27EC9E85003A5EC8 /* Token.swift */; };
/* End PBXBuildFile section */

/* Begin PBXFileReference section */
		15844F8227EB2C2200D9FA08 /* Pagination.app */ = {isa = PBXFileReference; explicitFileType = wrapper.application; includeInIndex = 0; path = Pagination.app; sourceTree = BUILT_PRODUCTS_DIR; };
		15844F8527EB2C2200D9FA08 /* AppDelegate.swift */ = {isa = PBXFileReference; lastKnownFileType = sourcecode.swift; path = AppDelegate.swift; sourceTree = "<group>"; };
		15844F8727EB2C2200D9FA08 /* SceneDelegate.swift */ = {isa = PBXFileReference; lastKnownFileType = sourcecode.swift; path = SceneDelegate.swift; sourceTree = "<group>"; };
		15844F8927EB2C2200D9FA08 /* ViewController.swift */ = {isa = PBXFileReference; lastKnownFileType = sourcecode.swift; path = ViewController.swift; sourceTree = "<group>"; };
		15844F8C27EB2C2200D9FA08 /* Base */ = {isa = PBXFileReference; lastKnownFileType = file.storyboard; name = Base; path = Base.lproj/Main.storyboard; sourceTree = "<group>"; };
		15844F8E27EB2C2400D9FA08 /* Assets.xcassets */ = {isa = PBXFileReference; lastKnownFileType = folder.assetcatalog; path = Assets.xcassets; sourceTree = "<group>"; };
		15844F9127EB2C2400D9FA08 /* Base */ = {isa = PBXFileReference; lastKnownFileType = file.storyboard; name = Base; path = Base.lproj/LaunchScreen.storyboard; sourceTree = "<group>"; };
		15844F9327EB2C2400D9FA08 /* Info.plist */ = {isa = PBXFileReference; lastKnownFileType = text.plist.xml; path = Info.plist; sourceTree = "<group>"; };
		1592B83327EC8691003A5EC8 /* AlbumsResponse.swift */ = {isa = PBXFileReference; lastKnownFileType = sourcecode.swift; path = AlbumsResponse.swift; sourceTree = "<group>"; };
		1592B83527EC86AB003A5EC8 /* Image.swift */ = {isa = PBXFileReference; lastKnownFileType = sourcecode.swift; path = Image.swift; sourceTree = "<group>"; };
		1592B83727EC86DB003A5EC8 /* Artist.swift */ = {isa = PBXFileReference; lastKnownFileType = sourcecode.swift; path = Artist.swift; sourceTree = "<group>"; };
		1592B83927EC87A7003A5EC8 /* Item.swift */ = {isa = PBXFileReference; lastKnownFileType = sourcecode.swift; path = Item.swift; sourceTree = "<group>"; };
		1592B83C27EC8942003A5EC8 /* Resource.swift */ = {isa = PBXFileReference; lastKnownFileType = sourcecode.swift; path = Resource.swift; sourceTree = "<group>"; };
		1592B83E27EC9E85003A5EC8 /* Token.swift */ = {isa = PBXFileReference; lastKnownFileType = sourcecode.swift; path = Token.swift; sourceTree = "<group>"; };
/* End PBXFileReference section */

/* Begin PBXFrameworksBuildPhase section */
		15844F7F27EB2C2200D9FA08 /* Frameworks */ = {
			isa = PBXFrameworksBuildPhase;
			buildActionMask = 2147483647;
			files = (
			);
			runOnlyForDeploymentPostprocessing = 0;
		};
/* End PBXFrameworksBuildPhase section */

/* Begin PBXGroup section */
		15844F7927EB2C2200D9FA08 = {
			isa = PBXGroup;
			children = (
				15844F8427EB2C2200D9FA08 /* Pagination */,
				15844F8327EB2C2200D9FA08 /* Products */,
			);
			sourceTree = "<group>";
		};
		15844F8327EB2C2200D9FA08 /* Products */ = {
			isa = PBXGroup;
			children = (
				15844F8227EB2C2200D9FA08 /* Pagination.app */,
			);
			name = Products;
			sourceTree = "<group>";
		};
		15844F8427EB2C2200D9FA08 /* Pagination */ = {
			isa = PBXGroup;
			children = (
				1592B83B27EC88D8003A5EC8 /* network */,
				1592B83227EC867B003A5EC8 /* model */,
				15844F8527EB2C2200D9FA08 /* AppDelegate.swift */,
				15844F8727EB2C2200D9FA08 /* SceneDelegate.swift */,
				15844F8927EB2C2200D9FA08 /* ViewController.swift */,
				15844F8B27EB2C2200D9FA08 /* Main.storyboard */,
				15844F8E27EB2C2400D9FA08 /* Assets.xcassets */,
				15844F9027EB2C2400D9FA08 /* LaunchScreen.storyboard */,
				15844F9327EB2C2400D9FA08 /* Info.plist */,
			);
			path = Pagination;
			sourceTree = "<group>";
		};
		1592B83227EC867B003A5EC8 /* model */ = {
			isa = PBXGroup;
			children = (
				1592B83327EC8691003A5EC8 /* AlbumsResponse.swift */,
				1592B83527EC86AB003A5EC8 /* Image.swift */,
				1592B83727EC86DB003A5EC8 /* Artist.swift */,
				1592B83927EC87A7003A5EC8 /* Item.swift */,
				1592B83E27EC9E85003A5EC8 /* Token.swift */,
			);
			path = model;
			sourceTree = "<group>";
		};
		1592B83B27EC88D8003A5EC8 /* network */ = {
			isa = PBXGroup;
			children = (
				1592B83C27EC8942003A5EC8 /* Resource.swift */,
			);
			path = network;
			sourceTree = "<group>";
		};
/* End PBXGroup section */

/* Begin PBXNativeTarget section */
		15844F8127EB2C2200D9FA08 /* Pagination */ = {
			isa = PBXNativeTarget;
			buildConfigurationList = 15844F9627EB2C2400D9FA08 /* Build configuration list for PBXNativeTarget "Pagination" */;
			buildPhases = (
				15844F7E27EB2C2200D9FA08 /* Sources */,
				15844F7F27EB2C2200D9FA08 /* Frameworks */,
				15844F8027EB2C2200D9FA08 /* Resources */,
			);
			buildRules = (
			);
			dependencies = (
			);
			name = Pagination;
			productName = Pagination;
			productReference = 15844F8227EB2C2200D9FA08 /* Pagination.app */;
			productType = "com.apple.product-type.application";
		};
/* End PBXNativeTarget section */

/* Begin PBXProject section */
		15844F7A27EB2C2200D9FA08 /* Project object */ = {
			isa = PBXProject;
			attributes = {
				BuildIndependentTargetsInParallel = 1;
				LastSwiftUpdateCheck = 1320;
				LastUpgradeCheck = 1320;
				TargetAttributes = {
					15844F8127EB2C2200D9FA08 = {
						CreatedOnToolsVersion = 13.2.1;
					};
				};
			};
			buildConfigurationList = 15844F7D27EB2C2200D9FA08 /* Build configuration list for PBXProject "Pagination" */;
			compatibilityVersion = "Xcode 13.0";
			developmentRegion = en;
			hasScannedForEncodings = 0;
			knownRegions = (
				en,
				Base,
			);
			mainGroup = 15844F7927EB2C2200D9FA08;
			productRefGroup = 15844F8327EB2C2200D9FA08 /* Products */;
			projectDirPath = "";
			projectRoot = "";
			targets = (
				15844F8127EB2C2200D9FA08 /* Pagination */,
			);
		};
/* End PBXProject section */

/* Begin PBXResourcesBuildPhase section */
		15844F8027EB2C2200D9FA08 /* Resources */ = {
			isa = PBXResourcesBuildPhase;
			buildActionMask = 2147483647;
			files = (
				15844F9227EB2C2400D9FA08 /* LaunchScreen.storyboard in Resources */,
				15844F8F27EB2C2400D9FA08 /* Assets.xcassets in Resources */,
				15844F8D27EB2C2200D9FA08 /* Main.storyboard in Resources */,
			);
			runOnlyForDeploymentPostprocessing = 0;
		};
/* End PBXResourcesBuildPhase section */

/* Begin PBXSourcesBuildPhase section */
		15844F7E27EB2C2200D9FA08 /* Sources */ = {
			isa = PBXSourcesBuildPhase;
			buildActionMask = 2147483647;
			files = (
				1592B83F27EC9E85003A5EC8 /* Token.swift in Sources */,
				1592B83827EC86DB003A5EC8 /* Artist.swift in Sources */,
				1592B83D27EC8942003A5EC8 /* Resource.swift in Sources */,
				1592B83427EC8691003A5EC8 /* AlbumsResponse.swift in Sources */,
				15844F8A27EB2C2200D9FA08 /* ViewController.swift in Sources */,
				15844F8627EB2C2200D9FA08 /* AppDelegate.swift in Sources */,
				1592B83A27EC87A7003A5EC8 /* Item.swift in Sources */,
				15844F8827EB2C2200D9FA08 /* SceneDelegate.swift in Sources */,
				1592B83627EC86AB003A5EC8 /* Image.swift in Sources */,
			);
			runOnlyForDeploymentPostprocessing = 0;
		};
/* End PBXSourcesBuildPhase section */

/* Begin PBXVariantGroup section */
		15844F8B27EB2C2200D9FA08 /* Main.storyboard */ = {
			isa = PBXVariantGroup;
			children = (
				15844F8C27EB2C2200D9FA08 /* Base */,
			);
			name = Main.storyboard;
			sourceTree = "<group>";
		};
		15844F9027EB2C2400D9FA08 /* LaunchScreen.storyboard */ = {
			isa = PBXVariantGroup;
			children = (
				15844F9127EB2C2400D9FA08 /* Base */,
			);
			name = LaunchScreen.storyboard;
			sourceTree = "<group>";
		};
/* End PBXVariantGroup section */

/* Begin XCBuildConfiguration section */
		15844F9427EB2C2400D9FA08 /* Debug */ = {
			isa = XCBuildConfiguration;
			buildSettings = {
				ALWAYS_SEARCH_USER_PATHS = NO;
				CLANG_ANALYZER_NONNULL = YES;
				CLANG_ANALYZER_NUMBER_OBJECT_CONVERSION = YES_AGGRESSIVE;
				CLANG_CXX_LANGUAGE_STANDARD = "gnu++17";
				CLANG_CXX_LIBRARY = "libc++";
				CLANG_ENABLE_MODULES = YES;
				CLANG_ENABLE_OBJC_ARC = YES;
				CLANG_ENABLE_OBJC_WEAK = YES;
				CLANG_WARN_BLOCK_CAPTURE_AUTORELEASING = YES;
				CLANG_WARN_BOOL_CONVERSION = YES;
				CLANG_WARN_COMMA = YES;
				CLANG_WARN_CONSTANT_CONVERSION = YES;
				CLANG_WARN_DEPRECATED_OBJC_IMPLEMENTATIONS = YES;
				CLANG_WARN_DIRECT_OBJC_ISA_USAGE = YES_ERROR;
				CLANG_WARN_DOCUMENTATION_COMMENTS = YES;
				CLANG_WARN_EMPTY_BODY = YES;
				CLANG_WARN_ENUM_CONVERSION = YES;
				CLANG_WARN_INFINITE_RECURSION = YES;
				CLANG_WARN_INT_CONVERSION = YES;
				CLANG_WARN_NON_LITERAL_NULL_CONVERSION = YES;
				CLANG_WARN_OBJC_IMPLICIT_RETAIN_SELF = YES;
				CLANG_WARN_OBJC_LITERAL_CONVERSION = YES;
				CLANG_WARN_OBJC_ROOT_CLASS = YES_ERROR;
				CLANG_WARN_QUOTED_INCLUDE_IN_FRAMEWORK_HEADER = YES;
				CLANG_WARN_RANGE_LOOP_ANALYSIS = YES;
				CLANG_WARN_STRICT_PROTOTYPES = YES;
				CLANG_WARN_SUSPICIOUS_MOVE = YES;
				CLANG_WARN_UNGUARDED_AVAILABILITY = YES_AGGRESSIVE;
				CLANG_WARN_UNREACHABLE_CODE = YES;
				CLANG_WARN__DUPLICATE_METHOD_MATCH = YES;
				COPY_PHASE_STRIP = NO;
				DEBUG_INFORMATION_FORMAT = dwarf;
				ENABLE_STRICT_OBJC_MSGSEND = YES;
				ENABLE_TESTABILITY = YES;
				GCC_C_LANGUAGE_STANDARD = gnu11;
				GCC_DYNAMIC_NO_PIC = NO;
				GCC_NO_COMMON_BLOCKS = YES;
				GCC_OPTIMIZATION_LEVEL = 0;
				GCC_PREPROCESSOR_DEFINITIONS = (
					"DEBUG=1",
					"$(inherited)",
				);
				GCC_WARN_64_TO_32_BIT_CONVERSION = YES;
				GCC_WARN_ABOUT_RETURN_TYPE = YES_ERROR;
				GCC_WARN_UNDECLARED_SELECTOR = YES;
				GCC_WARN_UNINITIALIZED_AUTOS = YES_AGGRESSIVE;
				GCC_WARN_UNUSED_FUNCTION = YES;
				GCC_WARN_UNUSED_VARIABLE = YES;
				IPHONEOS_DEPLOYMENT_TARGET = 15.2;
				MTL_ENABLE_DEBUG_INFO = INCLUDE_SOURCE;
				MTL_FAST_MATH = YES;
				ONLY_ACTIVE_ARCH = YES;
				SDKROOT = iphoneos;
				SWIFT_ACTIVE_COMPILATION_CONDITIONS = DEBUG;
				SWIFT_OPTIMIZATION_LEVEL = "-Onone";
			};
			name = Debug;
		};
		15844F9527EB2C2400D9FA08 /* Release */ = {
			isa = XCBuildConfiguration;
			buildSettings = {
				ALWAYS_SEARCH_USER_PATHS = NO;
				CLANG_ANALYZER_NONNULL = YES;
				CLANG_ANALYZER_NUMBER_OBJECT_CONVERSION = YES_AGGRESSIVE;
				CLANG_CXX_LANGUAGE_STANDARD = "gnu++17";
				CLANG_CXX_LIBRARY = "libc++";
				CLANG_ENABLE_MODULES = YES;
				CLANG_ENABLE_OBJC_ARC = YES;
				CLANG_ENABLE_OBJC_WEAK = YES;
				CLANG_WARN_BLOCK_CAPTURE_AUTORELEASING = YES;
				CLANG_WARN_BOOL_CONVERSION = YES;
				CLANG_WARN_COMMA = YES;
				CLANG_WARN_CONSTANT_CONVERSION = YES;
				CLANG_WARN_DEPRECATED_OBJC_IMPLEMENTATIONS = YES;
				CLANG_WARN_DIRECT_OBJC_ISA_USAGE = YES_ERROR;
				CLANG_WARN_DOCUMENTATION_COMMENTS = YES;
				CLANG_WARN_EMPTY_BODY = YES;
				CLANG_WARN_ENUM_CONVERSION = YES;
				CLANG_WARN_INFINITE_RECURSION = YES;
				CLANG_WARN_INT_CONVERSION = YES;
				CLANG_WARN_NON_LITERAL_NULL_CONVERSION = YES;
				CLANG_WARN_OBJC_IMPLICIT_RETAIN_SELF = YES;
				CLANG_WARN_OBJC_LITERAL_CONVERSION = YES;
				CLANG_WARN_OBJC_ROOT_CLASS = YES_ERROR;
				CLANG_WARN_QUOTED_INCLUDE_IN_FRAMEWORK_HEADER = YES;
				CLANG_WARN_RANGE_LOOP_ANALYSIS = YES;
				CLANG_WARN_STRICT_PROTOTYPES = YES;
				CLANG_WARN_SUSPICIOUS_MOVE = YES;
				CLANG_WARN_UNGUARDED_AVAILABILITY = YES_AGGRESSIVE;
				CLANG_WARN_UNREACHABLE_CODE = YES;
				CLANG_WARN__DUPLICATE_METHOD_MATCH = YES;
				COPY_PHASE_STRIP = NO;
				DEBUG_INFORMATION_FORMAT = "dwarf-with-dsym";
				ENABLE_NS_ASSERTIONS = NO;
				ENABLE_STRICT_OBJC_MSGSEND = YES;
				GCC_C_LANGUAGE_STANDARD = gnu11;
				GCC_NO_COMMON_BLOCKS = YES;
				GCC_WARN_64_TO_32_BIT_CONVERSION = YES;
				GCC_WARN_ABOUT_RETURN_TYPE = YES_ERROR;
				GCC_WARN_UNDECLARED_SELECTOR = YES;
				GCC_WARN_UNINITIALIZED_AUTOS = YES_AGGRESSIVE;
				GCC_WARN_UNUSED_FUNCTION = YES;
				GCC_WARN_UNUSED_VARIABLE = YES;
				IPHONEOS_DEPLOYMENT_TARGET = 15.2;
				MTL_ENABLE_DEBUG_INFO = NO;
				MTL_FAST_MATH = YES;
				SDKROOT = iphoneos;
				SWIFT_COMPILATION_MODE = wholemodule;
				SWIFT_OPTIMIZATION_LEVEL = "-O";
				VALIDATE_PRODUCT = YES;
			};
			name = Release;
		};
		15844F9727EB2C2400D9FA08 /* Debug */ = {
			isa = XCBuildConfiguration;
			buildSettings = {
				ASSETCATALOG_COMPILER_APPICON_NAME = AppIcon;
				ASSETCATALOG_COMPILER_GLOBAL_ACCENT_COLOR_NAME = AccentColor;
				CODE_SIGN_STYLE = Automatic;
				CURRENT_PROJECT_VERSION = 1;
				GENERATE_INFOPLIST_FILE = YES;
				INFOPLIST_FILE = Pagination/Info.plist;
				INFOPLIST_KEY_UIApplicationSupportsIndirectInputEvents = YES;
				INFOPLIST_KEY_UILaunchStoryboardName = LaunchScreen;
				INFOPLIST_KEY_UIMainStoryboardFile = Main;
				INFOPLIST_KEY_UISupportedInterfaceOrientations_iPad = "UIInterfaceOrientationPortrait UIInterfaceOrientationPortraitUpsideDown UIInterfaceOrientationLandscapeLeft UIInterfaceOrientationLandscapeRight";
				INFOPLIST_KEY_UISupportedInterfaceOrientations_iPhone = "UIInterfaceOrientationPortrait UIInterfaceOrientationLandscapeLeft UIInterfaceOrientationLandscapeRight";
				LD_RUNPATH_SEARCH_PATHS = (
					"$(inherited)",
					"@executable_path/Frameworks",
				);
				MARKETING_VERSION = 1.0;
				PRODUCT_BUNDLE_IDENTIFIER = cemaltuysuz.Pagination;
				PRODUCT_NAME = "$(TARGET_NAME)";
				SWIFT_EMIT_LOC_STRINGS = YES;
				SWIFT_VERSION = 5.0;
				TARGETED_DEVICE_FAMILY = "1,2";
			};
			name = Debug;
		};
		15844F9827EB2C2400D9FA08 /* Release */ = {
			isa = XCBuildConfiguration;
			buildSettings = {
				ASSETCATALOG_COMPILER_APPICON_NAME = AppIcon;
				ASSETCATALOG_COMPILER_GLOBAL_ACCENT_COLOR_NAME = AccentColor;
				CODE_SIGN_STYLE = Automatic;
				CURRENT_PROJECT_VERSION = 1;
				GENERATE_INFOPLIST_FILE = YES;
				INFOPLIST_FILE = Pagination/Info.plist;
				INFOPLIST_KEY_UIApplicationSupportsIndirectInputEvents = YES;
				INFOPLIST_KEY_UILaunchStoryboardName = LaunchScreen;
				INFOPLIST_KEY_UIMainStoryboardFile = Main;
				INFOPLIST_KEY_UISupportedInterfaceOrientations_iPad = "UIInterfaceOrientationPortrait UIInterfaceOrientationPortraitUpsideDown UIInterfaceOrientationLandscapeLeft UIInterfaceOrientationLandscapeRight";
				INFOPLIST_KEY_UISupportedInterfaceOrientations_iPhone = "UIInterfaceOrientationPortrait UIInterfaceOrientationLandscapeLeft UIInterfaceOrientationLandscapeRight";
				LD_RUNPATH_SEARCH_PATHS = (
					"$(inherited)",
					"@executable_path/Frameworks",
				);
				MARKETING_VERSION = 1.0;
				PRODUCT_BUNDLE_IDENTIFIER = cemaltuysuz.Pagination;
				PRODUCT_NAME = "$(TARGET_NAME)";
				SWIFT_EMIT_LOC_STRINGS = YES;
				SWIFT_VERSION = 5.0;
				TARGETED_DEVICE_FAMILY = "1,2";
			};
			name = Release;
		};
/* End XCBuildConfiguration section */

/* Begin XCConfigurationList section */
		15844F7D27EB2C2200D9FA08 /* Build configuration list for PBXProject "Pagination" */ = {
			isa = XCConfigurationList;
			buildConfigurations = (
				15844F9427EB2C2400D9FA08 /* Debug */,
				15844F9527EB2C2400D9FA08 /* Release */,
			);
			defaultConfigurationIsVisible = 0;
			defaultConfigurationName = Release;
		};
		15844F9627EB2C2400D9FA08 /* Build configuration list for PBXNativeTarget "Pagination" */ = {
			isa = XCConfigurationList;
			buildConfigurations = (
				15844F9727EB2C2400D9FA08 /* Debug */,
				15844F9827EB2C2400D9FA08 /* Release */,
			);
			defaultConfigurationIsVisible = 0;
			defaultConfigurationName = Release;
		};
/* End XCConfigurationList section */
	};
	rootObject = 15844F7A27EB2C2200D9FA08 /* Project object */;
}
